<?xml version="1.0" encoding="utf-8"?>
<Project ToolsVersion="4.0" xmlns="http://schemas.microsoft.com/developer/msbuild/2003">
  <ItemGroup>
    <ClCompile Include="..\demo_full.cpp" />
    <ClCompile Include="..\..\jq2.cpp" />
    <ClCompile Include="..\..\jqinternal.cpp" />
  </ItemGroup>
  <ItemGroup>
    <ClInclude Include="..\..\jq.h" />
    <ClInclude Include="..\..\jqfcontext.h" />
    <ClInclude Include="..\..\jqinternal.h" />
  </ItemGroup>
</Project>