
Microsoft Visual Studio Solution File, Format Version 12.00
# Visual Studio Version 16
VisualStudioVersion = 16.0.30523.141
MinimumVisualStudioVersion = 10.0.40219.1
Project("{8BC9CEB8-8B4A-11D0-8D11-00A0C91BC942}") = "demo_simple", "demo_simple.vcxproj", "{8B1DF24C-1EE0-46AF-ACCC-6F22177B78CF}"
	ProjectSection(ProjectDependencies) = postProject
		{20BB438E-F6F3-4306-A539-E3AFD623042D} = {20BB438E-F6F3-4306-A539-E3AFD623042D}
	EndProjectSection
EndProject
Project("{8BC9CEB8-8B4A-11D0-8D11-00A0C91BC942}") = "demo_full", "demo_full.vcxproj", "{BF70FF6F-3DA7-4BA9-8013-40DDD3F90EF2}"
EndProject
Project("{8BC9CEB8-8B4A-11D0-8D11-00A0C91BC942}") = "demo_profile", "demo_profile.vcxproj", "{20BB438E-F6F3-4306-A539-E3AFD623042D}"
	ProjectSection(ProjectDependencies) = postProject
		{BF70FF6F-3DA7-4BA9-8013-40DDD3F90EF2} = {BF70FF6F-3DA7-4BA9-8013-40DDD3F90EF2}
	EndProjectSection
EndProject
Global
	GlobalSection(SolutionConfigurationPlatforms) = preSolution
		debug|x64 = debug|x64
		nomicroprofile|x64 = nomicroprofile|x64
		release|x64 = release|x64
	EndGlobalSection
	GlobalSection(ProjectConfigurationPlatforms) = postSolution
		{8B1DF24C-1EE0-46AF-ACCC-6F22177B78CF}.debug|x64.ActiveCfg = debug|x64
		{8B1DF24C-1EE0-46AF-ACCC-6F22177B78CF}.debug|x64.Build.0 = debug|x64
		{8B1DF24C-1EE0-46AF-ACCC-6F22177B78CF}.nomicroprofile|x64.ActiveCfg = nomicroprofile|x64
		{8B1DF24C-1EE0-46AF-ACCC-6F22177B78CF}.nomicroprofile|x64.Build.0 = nomicroprofile|x64
		{8B1DF24C-1EE0-46AF-ACCC-6F22177B78CF}.release|x64.ActiveCfg = release|x64
		{8B1DF24C-1EE0-46AF-ACCC-6F22177B78CF}.release|x64.Build.0 = release|x64
		{BF70FF6F-3DA7-4BA9-8013-40DDD3F90EF2}.debug|x64.ActiveCfg = debug|x64
		{BF70FF6F-3DA7-4BA9-8013-40DDD3F90EF2}.debug|x64.Build.0 = debug|x64
		{BF70FF6F-3DA7-4BA9-8013-40DDD3F90EF2}.nomicroprofile|x64.ActiveCfg = nomicroprofile|x64
		{BF70FF6F-3DA7-4BA9-8013-40DDD3F90EF2}.nomicroprofile|x64.Build.0 = nomicroprofile|x64
		{BF70FF6F-3DA7-4BA9-8013-40DDD3F90EF2}.release|x64.ActiveCfg = release|x64
		{BF70FF6F-3DA7-4BA9-8013-40DDD3F90EF2}.release|x64.Build.0 = release|x64
		{20BB438E-F6F3-4306-A539-E3AFD623042D}.debug|x64.ActiveCfg = debug|x64
		{20BB438E-F6F3-4306-A539-E3AFD623042D}.debug|x64.Build.0 = debug|x64
		{20BB438E-F6F3-4306-A539-E3AFD623042D}.nomicroprofile|x64.ActiveCfg = nomicroprofile|x64
		{20BB438E-F6F3-4306-A539-E3AFD623042D}.nomicroprofile|x64.Build.0 = nomicroprofile|x64
		{20BB438E-F6F3-4306-A539-E3AFD623042D}.release|x64.ActiveCfg = release|x64
		{20BB438E-F6F3-4306-A539-E3AFD623042D}.release|x64.Build.0 = release|x64
	EndGlobalSection
	GlobalSection(SolutionProperties) = preSolution
		HideSolutionNode = FALSE
	EndGlobalSection
	GlobalSection(ExtensibilityGlobals) = postSolution
		SolutionGuid = {9F118C97-224C-4B4D-B996-3F3C8E1AE77E}
	EndGlobalSection
EndGlobal
