
Microsoft Visual Studio Solution File, Format Version 12.00
# Visual Studio 14
VisualStudioVersion = 14.0.25420.1
MinimumVisualStudioVersion = 10.0.40219.1
Project("{8BC9CEB8-8B4A-11D0-8D11-00A0C91BC942}") = "jq_demo_stress_m", "vsproj\jq_demo_stress_m.vcxproj", "{36113F02-26C4-4681-BBB0-C46F1FB91BD4}"
EndProject
Project("{8BC9CEB8-8B4A-11D0-8D11-00A0C91BC942}") = "jq_demo_stress_ll_org", "vsproj\jq_demo_stress_ll.vcxproj", "{60785900-4C04-880B-B5B2-880BA15D880B}"
EndProject
Project("{8BC9CEB8-8B4A-11D0-8D11-00A0C91BC942}") = "jq_demo_cancel_ll", "vsproj\jq_demo_cancel_ll.vcxproj", "{D0232C9C-E579-4405-A62D-F17BDE03E40B}"
EndProject
Project("{8BC9CEB8-8B4A-11D0-8D11-00A0C91BC942}") = "jq_demo_cancel_m", "vsproj\jq_demo_cancel_m.vcxproj", "{26967DF5-AABF-4676-847B-E9001F46ACCC}"
EndProject
Project("{8BC9CEB8-8B4A-11D0-8D11-00A0C91BC942}") = "jq_demo_node_ll", "vsproj\jq_demo_node_ll.vcxproj", "{D7B5F062-8E68-41FC-93BD-F0E455E6A99C}"
EndProject
Project("{8BC9CEB8-8B4A-11D0-8D11-00A0C91BC942}") = "jq_demo_node_m", "vsproj\jq_demo_node_m.vcxproj", "{0664F81B-F0A2-4689-91FA-51E8409CE18B}"
EndProject
Project("{8BC9CEB8-8B4A-11D0-8D11-00A0C91BC942}") = "jq_demo_priority_ll", "vsproj\jq_demo_priority_ll.vcxproj", "{3E4D63DE-12CA-48ED-807B-B837B4B192D2}"
EndProject
Project("{8BC9CEB8-8B4A-11D0-8D11-00A0C91BC942}") = "jq_demo_priority_m", "vsproj\jq_demo_priority_m.vcxproj", "{C340960F-F9CA-4F19-A2DD-A93039C9D5AB}"
EndProject
Project("{8BC9CEB8-8B4A-11D0-8D11-00A0C91BC942}") = "jq_demo_cancel_mm", "vsproj\jq_demo_cancel_mm.vcxproj", "{14A6F4DE-D37F-4C81-961B-81D7826A9726}"
EndProject
Project("{8BC9CEB8-8B4A-11D0-8D11-00A0C91BC942}") = "jq_demo_node_mm", "vsproj\jq_demo_node_mm.vcxproj", "{C1D07DC0-2ECD-495A-B59E-2E1250B376BD}"
EndProject
Project("{8BC9CEB8-8B4A-11D0-8D11-00A0C91BC942}") = "jq_demo_priority_mm", "vsproj\jq_demo_priority_mm.vcxproj", "{D89E1355-7344-436F-904F-C41D2A60EDF0}"
EndProject
Project("{8BC9CEB8-8B4A-11D0-8D11-00A0C91BC942}") = "jq_demo_stress_mm", "vsproj\jq_demo_stress_mm.vcxproj", "{2C1CFA35-6962-4C84-90EC-90D6CF8E69CE}"
EndProject
Global
	GlobalSection(SolutionConfigurationPlatforms) = preSolution
		Debug|x64 = Debug|x64
		Debug|x86 = Debug|x86
		Release|x64 = Release|x64
		Release|x86 = Release|x86
	EndGlobalSection
	GlobalSection(ProjectConfigurationPlatforms) = postSolution
		{36113F02-26C4-4681-BBB0-C46F1FB91BD4}.Debug|x64.ActiveCfg = Debug|x64
		{36113F02-26C4-4681-BBB0-C46F1FB91BD4}.Debug|x64.Build.0 = Debug|x64
		{36113F02-26C4-4681-BBB0-C46F1FB91BD4}.Debug|x86.ActiveCfg = Debug|Win32
		{36113F02-26C4-4681-BBB0-C46F1FB91BD4}.Debug|x86.Build.0 = Debug|Win32
		{36113F02-26C4-4681-BBB0-C46F1FB91BD4}.Release|x64.ActiveCfg = Release|x64
		{36113F02-26C4-4681-BBB0-C46F1FB91BD4}.Release|x64.Build.0 = Release|x64
		{36113F02-26C4-4681-BBB0-C46F1FB91BD4}.Release|x86.ActiveCfg = Release|Win32
		{36113F02-26C4-4681-BBB0-C46F1FB91BD4}.Release|x86.Build.0 = Release|Win32
		{60785900-4C04-880B-B5B2-880BA15D880B}.Debug|x64.ActiveCfg = Debug|x64
		{60785900-4C04-880B-B5B2-880BA15D880B}.Debug|x64.Build.0 = Debug|x64
		{60785900-4C04-880B-B5B2-880BA15D880B}.Debug|x86.ActiveCfg = Debug|Win32
		{60785900-4C04-880B-B5B2-880BA15D880B}.Debug|x86.Build.0 = Debug|Win32
		{60785900-4C04-880B-B5B2-880BA15D880B}.Release|x64.ActiveCfg = Release|x64
		{60785900-4C04-880B-B5B2-880BA15D880B}.Release|x64.Build.0 = Release|x64
		{60785900-4C04-880B-B5B2-880BA15D880B}.Release|x86.ActiveCfg = Release|Win32
		{60785900-4C04-880B-B5B2-880BA15D880B}.Release|x86.Build.0 = Release|Win32
		{D0232C9C-E579-4405-A62D-F17BDE03E40B}.Debug|x64.ActiveCfg = Debug|x64
		{D0232C9C-E579-4405-A62D-F17BDE03E40B}.Debug|x64.Build.0 = Debug|x64
		{D0232C9C-E579-4405-A62D-F17BDE03E40B}.Debug|x86.ActiveCfg = Debug|Win32
		{D0232C9C-E579-4405-A62D-F17BDE03E40B}.Debug|x86.Build.0 = Debug|Win32
		{D0232C9C-E579-4405-A62D-F17BDE03E40B}.Release|x64.ActiveCfg = Release|x64
		{D0232C9C-E579-4405-A62D-F17BDE03E40B}.Release|x64.Build.0 = Release|x64
		{D0232C9C-E579-4405-A62D-F17BDE03E40B}.Release|x86.ActiveCfg = Release|Win32
		{D0232C9C-E579-4405-A62D-F17BDE03E40B}.Release|x86.Build.0 = Release|Win32
		{26967DF5-AABF-4676-847B-E9001F46ACCC}.Debug|x64.ActiveCfg = Debug|x64
		{26967DF5-AABF-4676-847B-E9001F46ACCC}.Debug|x64.Build.0 = Debug|x64
		{26967DF5-AABF-4676-847B-E9001F46ACCC}.Debug|x86.ActiveCfg = Debug|Win32
		{26967DF5-AABF-4676-847B-E9001F46ACCC}.Debug|x86.Build.0 = Debug|Win32
		{26967DF5-AABF-4676-847B-E9001F46ACCC}.Release|x64.ActiveCfg = Release|x64
		{26967DF5-AABF-4676-847B-E9001F46ACCC}.Release|x64.Build.0 = Release|x64
		{26967DF5-AABF-4676-847B-E9001F46ACCC}.Release|x86.ActiveCfg = Release|Win32
		{26967DF5-AABF-4676-847B-E9001F46ACCC}.Release|x86.Build.0 = Release|Win32
		{D7B5F062-8E68-41FC-93BD-F0E455E6A99C}.Debug|x64.ActiveCfg = Debug|x64
		{D7B5F062-8E68-41FC-93BD-F0E455E6A99C}.Debug|x64.Build.0 = Debug|x64
		{D7B5F062-8E68-41FC-93BD-F0E455E6A99C}.Debug|x86.ActiveCfg = Debug|Win32
		{D7B5F062-8E68-41FC-93BD-F0E455E6A99C}.Debug|x86.Build.0 = Debug|Win32
		{D7B5F062-8E68-41FC-93BD-F0E455E6A99C}.Release|x64.ActiveCfg = Release|x64
		{D7B5F062-8E68-41FC-93BD-F0E455E6A99C}.Release|x64.Build.0 = Release|x64
		{D7B5F062-8E68-41FC-93BD-F0E455E6A99C}.Release|x86.ActiveCfg = Release|Win32
		{D7B5F062-8E68-41FC-93BD-F0E455E6A99C}.Release|x86.Build.0 = Release|Win32
		{0664F81B-F0A2-4689-91FA-51E8409CE18B}.Debug|x64.ActiveCfg = Debug|x64
		{0664F81B-F0A2-4689-91FA-51E8409CE18B}.Debug|x64.Build.0 = Debug|x64
		{0664F81B-F0A2-4689-91FA-51E8409CE18B}.Debug|x86.ActiveCfg = Debug|Win32
		{0664F81B-F0A2-4689-91FA-51E8409CE18B}.Debug|x86.Build.0 = Debug|Win32
		{0664F81B-F0A2-4689-91FA-51E8409CE18B}.Release|x64.ActiveCfg = Release|x64
		{0664F81B-F0A2-4689-91FA-51E8409CE18B}.Release|x64.Build.0 = Release|x64
		{0664F81B-F0A2-4689-91FA-51E8409CE18B}.Release|x86.ActiveCfg = Release|Win32
		{0664F81B-F0A2-4689-91FA-51E8409CE18B}.Release|x86.Build.0 = Release|Win32
		{3E4D63DE-12CA-48ED-807B-B837B4B192D2}.Debug|x64.ActiveCfg = Debug|x64
		{3E4D63DE-12CA-48ED-807B-B837B4B192D2}.Debug|x64.Build.0 = Debug|x64
		{3E4D63DE-12CA-48ED-807B-B837B4B192D2}.Debug|x86.ActiveCfg = Debug|Win32
		{3E4D63DE-12CA-48ED-807B-B837B4B192D2}.Debug|x86.Build.0 = Debug|Win32
		{3E4D63DE-12CA-48ED-807B-B837B4B192D2}.Release|x64.ActiveCfg = Release|x64
		{3E4D63DE-12CA-48ED-807B-B837B4B192D2}.Release|x64.Build.0 = Release|x64
		{3E4D63DE-12CA-48ED-807B-B837B4B192D2}.Release|x86.ActiveCfg = Release|Win32
		{3E4D63DE-12CA-48ED-807B-B837B4B192D2}.Release|x86.Build.0 = Release|Win32
		{C340960F-F9CA-4F19-A2DD-A93039C9D5AB}.Debug|x64.ActiveCfg = Debug|x64
		{C340960F-F9CA-4F19-A2DD-A93039C9D5AB}.Debug|x64.Build.0 = Debug|x64
		{C340960F-F9CA-4F19-A2DD-A93039C9D5AB}.Debug|x86.ActiveCfg = Debug|Win32
		{C340960F-F9CA-4F19-A2DD-A93039C9D5AB}.Debug|x86.Build.0 = Debug|Win32
		{C340960F-F9CA-4F19-A2DD-A93039C9D5AB}.Release|x64.ActiveCfg = Release|x64
		{C340960F-F9CA-4F19-A2DD-A93039C9D5AB}.Release|x64.Build.0 = Release|x64
		{C340960F-F9CA-4F19-A2DD-A93039C9D5AB}.Release|x86.ActiveCfg = Release|Win32
		{C340960F-F9CA-4F19-A2DD-A93039C9D5AB}.Release|x86.Build.0 = Release|Win32
		{14A6F4DE-D37F-4C81-961B-81D7826A9726}.Debug|x64.ActiveCfg = Debug|x64
		{14A6F4DE-D37F-4C81-961B-81D7826A9726}.Debug|x64.Build.0 = Debug|x64
		{14A6F4DE-D37F-4C81-961B-81D7826A9726}.Debug|x86.ActiveCfg = Debug|Win32
		{14A6F4DE-D37F-4C81-961B-81D7826A9726}.Debug|x86.Build.0 = Debug|Win32
		{14A6F4DE-D37F-4C81-961B-81D7826A9726}.Release|x64.ActiveCfg = Release|x64
		{14A6F4DE-D37F-4C81-961B-81D7826A9726}.Release|x64.Build.0 = Release|x64
		{14A6F4DE-D37F-4C81-961B-81D7826A9726}.Release|x86.ActiveCfg = Release|Win32
		{14A6F4DE-D37F-4C81-961B-81D7826A9726}.Release|x86.Build.0 = Release|Win32
		{C1D07DC0-2ECD-495A-B59E-2E1250B376BD}.Debug|x64.ActiveCfg = Debug|x64
		{C1D07DC0-2ECD-495A-B59E-2E1250B376BD}.Debug|x64.Build.0 = Debug|x64
		{C1D07DC0-2ECD-495A-B59E-2E1250B376BD}.Debug|x86.ActiveCfg = Debug|Win32
		{C1D07DC0-2ECD-495A-B59E-2E1250B376BD}.Debug|x86.Build.0 = Debug|Win32
		{C1D07DC0-2ECD-495A-B59E-2E1250B376BD}.Release|x64.ActiveCfg = Release|x64
		{C1D07DC0-2ECD-495A-B59E-2E1250B376BD}.Release|x64.Build.0 = Release|x64
		{C1D07DC0-2ECD-495A-B59E-2E1250B376BD}.Release|x86.ActiveCfg = Release|Win32
		{C1D07DC0-2ECD-495A-B59E-2E1250B376BD}.Release|x86.Build.0 = Release|Win32
		{D89E1355-7344-436F-904F-C41D2A60EDF0}.Debug|x64.ActiveCfg = Debug|x64
		{D89E1355-7344-436F-904F-C41D2A60EDF0}.Debug|x64.Build.0 = Debug|x64
		{D89E1355-7344-436F-904F-C41D2A60EDF0}.Debug|x86.ActiveCfg = Debug|Win32
		{D89E1355-7344-436F-904F-C41D2A60EDF0}.Debug|x86.Build.0 = Debug|Win32
		{D89E1355-7344-436F-904F-C41D2A60EDF0}.Release|x64.ActiveCfg = Release|x64
		{D89E1355-7344-436F-904F-C41D2A60EDF0}.Release|x64.Build.0 = Release|x64
		{D89E1355-7344-436F-904F-C41D2A60EDF0}.Release|x86.ActiveCfg = Release|Win32
		{D89E1355-7344-436F-904F-C41D2A60EDF0}.Release|x86.Build.0 = Release|Win32
		{2C1CFA35-6962-4C84-90EC-90D6CF8E69CE}.Debug|x64.ActiveCfg = Debug|x64
		{2C1CFA35-6962-4C84-90EC-90D6CF8E69CE}.Debug|x64.Build.0 = Debug|x64
		{2C1CFA35-6962-4C84-90EC-90D6CF8E69CE}.Debug|x86.ActiveCfg = Debug|Win32
		{2C1CFA35-6962-4C84-90EC-90D6CF8E69CE}.Debug|x86.Build.0 = Debug|Win32
		{2C1CFA35-6962-4C84-90EC-90D6CF8E69CE}.Release|x64.ActiveCfg = Release|x64
		{2C1CFA35-6962-4C84-90EC-90D6CF8E69CE}.Release|x64.Build.0 = Release|x64
		{2C1CFA35-6962-4C84-90EC-90D6CF8E69CE}.Release|x86.ActiveCfg = Release|Win32
		{2C1CFA35-6962-4C84-90EC-90D6CF8E69CE}.Release|x86.Build.0 = Release|Win32
	EndGlobalSection
	GlobalSection(SolutionProperties) = preSolution
		HideSolutionNode = FALSE
	EndGlobalSection
EndGlobal
